
Microsoft Visual Studio Solution File, Format Version 12.00
# Visual Studio Version 17
VisualStudioVersion = 17.8.34309.116
MinimumVisualStudioVersion = 10.0.40219.1
Project("{2150E333-8FDC-42A3-9474-1A3956D46DE8}") = "src", "src", "{14A51173-8A89-4129-9372-6D43745F3D21}"
EndProject
Project("{2150E333-8FDC-42A3-9474-1A3956D46DE8}") = "tests", "tests", "{D1B1013D-3DDF-4335-A5C2-0040C6BC2439}"
EndProject
Project("{2150E333-8FDC-42A3-9474-1A3956D46DE8}") = "Core", "Core", "{F0F4B334-9D3A-4627-90DB-BAF0C5C9DFBE}"
EndProject
Project("{2150E333-8FDC-42A3-9474-1A3956D46DE8}") = "Presentation", "Presentation", "{9ED682F6-12D4-489D-817E-481950BFC510}"
EndProject
Project("{2150E333-8FDC-42A3-9474-1A3956D46DE8}") = "Migrators", "Migrators", "{C3896DEA-4CA3-4BDC-9B84-53C270D4BDC4}"
EndProject
Project("{2150E333-8FDC-42A3-9474-1A3956D46DE8}") = "Travaloud", "Travaloud", "{539BE1BD-0C2D-4020-AFA3-39508D1139B0}"
EndProject
Project("{2150E333-8FDC-42A3-9474-1A3956D46DE8}") = "Tenants", "Tenants", "{7C1B1A41-4EB2-43BB-9FB6-D2B80229C13D}"
EndProject
Project("{9A19103F-16F7-4668-BE54-9A1E7A4F7556}") = "SqlServer", "src\Migrators\SqlServer\SqlServer.csproj", "{249A7033-6855-4660-9470-622BE06FF358}"
EndProject
Project("{9A19103F-16F7-4668-BE54-9A1E7A4F7556}") = "Application", "src\Core\Application\Application.csproj", "{11B2A126-BD6C-4E3C-B1F8-11641A4968AF}"
EndProject
Project("{9A19103F-16F7-4668-BE54-9A1E7A4F7556}") = "Domain", "src\Core\Domain\Domain.csproj", "{F8EB3546-BBA2-4343-B973-6C623E18CF68}"
EndProject
Project("{9A19103F-16F7-4668-BE54-9A1E7A4F7556}") = "Shared", "src\Core\Shared\Shared.csproj", "{C3035487-1DE5-44FA-89DB-39F6FF020987}"
EndProject
Project("{9A19103F-16F7-4668-BE54-9A1E7A4F7556}") = "Infrastructure", "src\Infrastructure\Infrastructure.csproj", "{498E607C-DBE2-4270-9C77-2C43BF00CCBB}"
EndProject
Project("{FAE04EC0-301F-11D3-BF4B-00C04F79EFBC}") = "FuseHostelsAndTravel", "src\Presentation\Tenants\FuseHostelsAndTravel\FuseHostelsAndTravel.csproj", "{BD621EAD-04F3-478B-A1CB-ECA54F856D1C}"
EndProject
Project("{FAE04EC0-301F-11D3-BF4B-00C04F79EFBC}") = "SharedRCL", "src\Presentation\Tenants\SharedRCL\SharedRCL.csproj", "{4032A842-A632-4DBB-85AA-7734730EDC00}"
EndProject
Project("{FAE04EC0-301F-11D3-BF4B-00C04F79EFBC}") = "Admin", "src\Presentation\Travaloud\Admin\Admin.csproj", "{2DD8D01B-2341-445A-B862-2DF223DD2BCF}"
EndProject
Global
	GlobalSection(SolutionConfigurationPlatforms) = preSolution
		Debug|Any CPU = Debug|Any CPU
		Release|Any CPU = Release|Any CPU
	EndGlobalSection
	GlobalSection(ProjectConfigurationPlatforms) = postSolution
		{249A7033-6855-4660-9470-622BE06FF358}.Debug|Any CPU.ActiveCfg = Debug|Any CPU
		{249A7033-6855-4660-9470-622BE06FF358}.Debug|Any CPU.Build.0 = Debug|Any CPU
		{249A7033-6855-4660-9470-622BE06FF358}.Release|Any CPU.ActiveCfg = Release|Any CPU
		{249A7033-6855-4660-9470-622BE06FF358}.Release|Any CPU.Build.0 = Release|Any CPU
		{11B2A126-BD6C-4E3C-B1F8-11641A4968AF}.Debug|Any CPU.ActiveCfg = Debug|Any CPU
		{11B2A126-BD6C-4E3C-B1F8-11641A4968AF}.Debug|Any CPU.Build.0 = Debug|Any CPU
		{11B2A126-BD6C-4E3C-B1F8-11641A4968AF}.Release|Any CPU.ActiveCfg = Release|Any CPU
		{11B2A126-BD6C-4E3C-B1F8-11641A4968AF}.Release|Any CPU.Build.0 = Release|Any CPU
		{F8EB3546-BBA2-4343-B973-6C623E18CF68}.Debug|Any CPU.ActiveCfg = Debug|Any CPU
		{F8EB3546-BBA2-4343-B973-6C623E18CF68}.Debug|Any CPU.Build.0 = Debug|Any CPU
		{F8EB3546-BBA2-4343-B973-6C623E18CF68}.Release|Any CPU.ActiveCfg = Release|Any CPU
		{F8EB3546-BBA2-4343-B973-6C623E18CF68}.Release|Any CPU.Build.0 = Release|Any CPU
		{C3035487-1DE5-44FA-89DB-39F6FF020987}.Debug|Any CPU.ActiveCfg = Debug|Any CPU
		{C3035487-1DE5-44FA-89DB-39F6FF020987}.Debug|Any CPU.Build.0 = Debug|Any CPU
		{C3035487-1DE5-44FA-89DB-39F6FF020987}.Release|Any CPU.ActiveCfg = Release|Any CPU
		{C3035487-1DE5-44FA-89DB-39F6FF020987}.Release|Any CPU.Build.0 = Release|Any CPU
		{498E607C-DBE2-4270-9C77-2C43BF00CCBB}.Debug|Any CPU.ActiveCfg = Debug|Any CPU
		{498E607C-DBE2-4270-9C77-2C43BF00CCBB}.Debug|Any CPU.Build.0 = Debug|Any CPU
		{498E607C-DBE2-4270-9C77-2C43BF00CCBB}.Release|Any CPU.ActiveCfg = Release|Any CPU
		{498E607C-DBE2-4270-9C77-2C43BF00CCBB}.Release|Any CPU.Build.0 = Release|Any CPU
		{BD621EAD-04F3-478B-A1CB-ECA54F856D1C}.Debug|Any CPU.ActiveCfg = Debug|Any CPU
		{BD621EAD-04F3-478B-A1CB-ECA54F856D1C}.Debug|Any CPU.Build.0 = Debug|Any CPU
		{BD621EAD-04F3-478B-A1CB-ECA54F856D1C}.Release|Any CPU.ActiveCfg = Release|Any CPU
		{BD621EAD-04F3-478B-A1CB-ECA54F856D1C}.Release|Any CPU.Build.0 = Release|Any CPU
		{4032A842-A632-4DBB-85AA-7734730EDC00}.Debug|Any CPU.ActiveCfg = Debug|Any CPU
		{4032A842-A632-4DBB-85AA-7734730EDC00}.Debug|Any CPU.Build.0 = Debug|Any CPU
		{4032A842-A632-4DBB-85AA-7734730EDC00}.Release|Any CPU.ActiveCfg = Release|Any CPU
		{4032A842-A632-4DBB-85AA-7734730EDC00}.Release|Any CPU.Build.0 = Release|Any CPU
		{2DD8D01B-2341-445A-B862-2DF223DD2BCF}.Debug|Any CPU.ActiveCfg = Debug|Any CPU
		{2DD8D01B-2341-445A-B862-2DF223DD2BCF}.Debug|Any CPU.Build.0 = Debug|Any CPU
		{2DD8D01B-2341-445A-B862-2DF223DD2BCF}.Release|Any CPU.ActiveCfg = Release|Any CPU
		{2DD8D01B-2341-445A-B862-2DF223DD2BCF}.Release|Any CPU.Build.0 = Release|Any CPU
	EndGlobalSection
	GlobalSection(SolutionProperties) = preSolution
		HideSolutionNode = FALSE
	EndGlobalSection
	GlobalSection(NestedProjects) = preSolution
		{F0F4B334-9D3A-4627-90DB-BAF0C5C9DFBE} = {14A51173-8A89-4129-9372-6D43745F3D21}
		{9ED682F6-12D4-489D-817E-481950BFC510} = {14A51173-8A89-4129-9372-6D43745F3D21}
		{C3896DEA-4CA3-4BDC-9B84-53C270D4BDC4} = {14A51173-8A89-4129-9372-6D43745F3D21}
		{539BE1BD-0C2D-4020-AFA3-39508D1139B0} = {9ED682F6-12D4-489D-817E-481950BFC510}
		{7C1B1A41-4EB2-43BB-9FB6-D2B80229C13D} = {9ED682F6-12D4-489D-817E-481950BFC510}
		{249A7033-6855-4660-9470-622BE06FF358} = {C3896DEA-4CA3-4BDC-9B84-53C270D4BDC4}
		{11B2A126-BD6C-4E3C-B1F8-11641A4968AF} = {F0F4B334-9D3A-4627-90DB-BAF0C5C9DFBE}
		{F8EB3546-BBA2-4343-B973-6C623E18CF68} = {F0F4B334-9D3A-4627-90DB-BAF0C5C9DFBE}
		{C3035487-1DE5-44FA-89DB-39F6FF020987} = {F0F4B334-9D3A-4627-90DB-BAF0C5C9DFBE}
		{498E607C-DBE2-4270-9C77-2C43BF00CCBB} = {14A51173-8A89-4129-9372-6D43745F3D21}
		{BD621EAD-04F3-478B-A1CB-ECA54F856D1C} = {7C1B1A41-4EB2-43BB-9FB6-D2B80229C13D}
		{4032A842-A632-4DBB-85AA-7734730EDC00} = {7C1B1A41-4EB2-43BB-9FB6-D2B80229C13D}
		{2DD8D01B-2341-445A-B862-2DF223DD2BCF} = {539BE1BD-0C2D-4020-AFA3-39508D1139B0}
	EndGlobalSection
EndGlobal
